
Microsoft Visual Studio Solution File, Format Version 12.00
# Visual Studio Version 17
VisualStudioVersion = 17.14.36603.0
MinimumVisualStudioVersion = 10.0.40219.1
Project("{FAE04EC0-301F-11D3-BF4B-00C04F79EFBC}") = "CourseRegistrationSystem", "CourseRegistrationSystem\CourseRegistrationSystem.csproj", "{185D0B0D-1135-4F9C-A5D6-5DAA787390B3}"
EndProject
Project("{2150E333-8FDC-42A3-9474-1A3956D46DE8}") = "Solution Items", "Solution Items", "{8EC462FD-D22E-90A8-E5CE-7E832BA40C5D}"
	ProjectSection(SolutionItems) = preProject
		.gitignore = .gitignore
		README.md = README.md
		schema.sql = schema.sql
	EndProjectSection
EndProject
Project("{FAE04EC0-301F-11D3-BF4B-00C04F79EFBC}") = "RegistrationEntityDAL", "RegistrationEntityDAL\RegistrationEntityDAL.csproj", "{1EF6BB04-2F55-43D5-8922-4F617EA3EDEC}"
EndProject
Global
	GlobalSection(SolutionConfigurationPlatforms) = preSolution
		Debug|Any CPU = Debug|Any CPU
		Release|Any CPU = Release|Any CPU
	EndGlobalSection
	GlobalSection(ProjectConfigurationPlatforms) = postSolution
		{185D0B0D-1135-4F9C-A5D6-5DAA787390B3}.Debug|Any CPU.ActiveCfg = Debug|Any CPU
		{185D0B0D-1135-4F9C-A5D6-5DAA787390B3}.Debug|Any CPU.Build.0 = Debug|Any CPU
		{185D0B0D-1135-4F9C-A5D6-5DAA787390B3}.Release|Any CPU.ActiveCfg = Release|Any CPU
		{185D0B0D-1135-4F9C-A5D6-5DAA787390B3}.Release|Any CPU.Build.0 = Release|Any CPU
		{1EF6BB04-2F55-43D5-8922-4F617EA3EDEC}.Debug|Any CPU.ActiveCfg = Debug|Any CPU
		{1EF6BB04-2F55-43D5-8922-4F617EA3EDEC}.Debug|Any CPU.Build.0 = Debug|Any CPU
		{1EF6BB04-2F55-43D5-8922-4F617EA3EDEC}.Release|Any CPU.ActiveCfg = Release|Any CPU
		{1EF6BB04-2F55-43D5-8922-4F617EA3EDEC}.Release|Any CPU.Build.0 = Release|Any CPU
	EndGlobalSection
	GlobalSection(SolutionProperties) = preSolution
		HideSolutionNode = FALSE
	EndGlobalSection
	GlobalSection(ExtensibilityGlobals) = postSolution
		SolutionGuid = {BF9D56CA-70C4-43C5-A1EB-6AD22790D2EB}
	EndGlobalSection
EndGlobal
